# THIS IS AN AUTOGENERATED FILE. DO NOT EDIT THIS FILE DIRECTLY.
# yarn lockfile v1


"@types/node@^24.3.0":
  version "24.3.0"
  resolved "https://registry.yarnpkg.com/@types/node/-/node-24.3.0.tgz#89b09f45cb9a8ee69466f18ee5864e4c3eb84dec"
  integrity sha512-aPTXCrfwnDLj4VvXrm+UUCQjNEvJgNA8s5F1cvwQU+3KNltTOkBm1j30uNLyqqPNe7gE3KFzImYoZEfLhp4Yow==
  dependencies:
    undici-types "~7.10.0"

"@typescript/native-preview-darwin-arm64@7.0.0-dev.20250827.1":
  version "7.0.0-dev.20250827.1"
  resolved "https://registry.yarnpkg.com/@typescript/native-preview-darwin-arm64/-/native-preview-darwin-arm64-7.0.0-dev.20250827.1.tgz#449c420b0854535d2b0a73301dda2670e5c51be4"
  integrity sha512-lTgoQK7wkbkb/gxNn6ZcdpBtEh+tBgXJQbl7feMP/BdpNvFJNFKW6DN+1wlXAJj47GYfMvmCN+vk571a9oO4cw==

"@typescript/native-preview-darwin-x64@7.0.0-dev.20250827.1":
  version "7.0.0-dev.20250827.1"
  resolved "https://registry.yarnpkg.com/@typescript/native-preview-darwin-x64/-/native-preview-darwin-x64-7.0.0-dev.20250827.1.tgz#dac8525260bb02232810cdc5726330613fe1ce44"
  integrity sha512-xPyU3x81DdhAiuh+cqLYK2733+mQuRqMaHCrdwL8s1dy+swjqnwLq9e685Kj00QndOBXm0y21EQ32uH1okv7Ig==

"@typescript/native-preview-linux-arm64@7.0.0-dev.20250827.1":
  version "7.0.0-dev.20250827.1"
  resolved "https://registry.yarnpkg.com/@typescript/native-preview-linux-arm64/-/native-preview-linux-arm64-7.0.0-dev.20250827.1.tgz#18c7cd1d630da2b81dedfae8e587ebe77aa445ef"
  integrity sha512-pUKOi7wwNtRCBY/mGtSRAf/6DwOz+5XbFeifWuiFCxPvFEJrbUaF6naAh2d1bJVOCCwiZCCBGMRy708eoclvBw==

"@typescript/native-preview-linux-arm@7.0.0-dev.20250827.1":
  version "7.0.0-dev.20250827.1"
  resolved "https://registry.yarnpkg.com/@typescript/native-preview-linux-arm/-/native-preview-linux-arm-7.0.0-dev.20250827.1.tgz#3e00c5e3d25f3f997027d9623bf722768f15c18e"
  integrity sha512-vvkrXO9HvkWMzKlvdM3y9oV3TEupfD/IWttFuTiKBa2oUSxAo9sptHYkPi43756f1jrVmagCn5PsFWJNO4TA5Q==

"@typescript/native-preview-linux-x64@7.0.0-dev.20250827.1":
  version "7.0.0-dev.20250827.1"
  resolved "https://registry.yarnpkg.com/@typescript/native-preview-linux-x64/-/native-preview-linux-x64-7.0.0-dev.20250827.1.tgz#7a38c6faad8edabfd0c1721d7a006c5d87e51f3a"
  integrity sha512-W4VRgMd+JdiC6+9S8ai/PqV5dwRfv/U77Es7yfWCR2RsKBloZQXQzwN9bbxErbo3LlGznw/7QZWBJRrMrQuwVg==

"@typescript/native-preview-win32-arm64@7.0.0-dev.20250827.1":
  version "7.0.0-dev.20250827.1"
  resolved "https://registry.yarnpkg.com/@typescript/native-preview-win32-arm64/-/native-preview-win32-arm64-7.0.0-dev.20250827.1.tgz#deab88c765e47720c318f51a9b0742acce855047"
  integrity sha512-vfdlEP+zAHYvPZnyz2HB1FTTjPxYLYl1A30JrEBpod7rqPZU04rah3ykcI6+7BRPehClHBCeoTMC7Bn0hi/CeA==

"@typescript/native-preview-win32-x64@7.0.0-dev.20250827.1":
  version "7.0.0-dev.20250827.1"
  resolved "https://registry.yarnpkg.com/@typescript/native-preview-win32-x64/-/native-preview-win32-x64-7.0.0-dev.20250827.1.tgz#6b13a08a467e5ab5d65ac27fba90f7d705c05193"
  integrity sha512-fuU+XxEbUzqsMEO41HK+oUd5vu4mkP7zi0UIs1HOl9N0h548GaC5MVHTk7ErrvNiRSY8ffNiCxhiy32YjpJD1Q==

"@typescript/native-preview@^7.0.0-dev.20250827.1":
  version "7.0.0-dev.20250827.1"
  resolved "https://registry.yarnpkg.com/@typescript/native-preview/-/native-preview-7.0.0-dev.20250827.1.tgz#ba6a9ac2dbd0b490d33515ccb2eae341c735ca57"
  integrity sha512-AdSaD57/ZXM4UEyuzfqt4daiGeN2y8CFogwAKNjyQV6muQWi5QCmuLNkEbQk7Teg33lCeycrHCTjz9aPgbrJIw==
  optionalDependencies:
    "@typescript/native-preview-darwin-arm64" "7.0.0-dev.20250827.1"
    "@typescript/native-preview-darwin-x64" "7.0.0-dev.20250827.1"
    "@typescript/native-preview-linux-arm" "7.0.0-dev.20250827.1"
    "@typescript/native-preview-linux-arm64" "7.0.0-dev.20250827.1"
    "@typescript/native-preview-linux-x64" "7.0.0-dev.20250827.1"
    "@typescript/native-preview-win32-arm64" "7.0.0-dev.20250827.1"
    "@typescript/native-preview-win32-x64" "7.0.0-dev.20250827.1"

prettier@3.6.2:
  version "3.6.2"
  resolved "https://registry.yarnpkg.com/prettier/-/prettier-3.6.2.tgz#ccda02a1003ebbb2bfda6f83a074978f608b9393"
  integrity sha512-I7AIg5boAr5R0FFtJ6rCfD+LFsWHp81dolrFD8S79U9tb8Az2nGrJncnMSnys+bpQJfRUzqs9hnA81OAA3hCuQ==

typescript@^5.9.2:
  version "5.9.2"
  resolved "https://registry.yarnpkg.com/typescript/-/typescript-5.9.2.tgz#d93450cddec5154a2d5cabe3b8102b83316fb2a6"
  integrity sha512-CWBzXQrc/qOkhidw1OzBTQuYRbfyxDXJMVJ1XNwUHGROVmuaeiEm3OslpZ1RV96d7SKKjZKrSJu3+t/xlw3R9A==

undici-types@~7.10.0:
  version "7.10.0"
  resolved "https://registry.yarnpkg.com/undici-types/-/undici-types-7.10.0.tgz#4ac2e058ce56b462b056e629cc6a02393d3ff350"
  integrity sha512-t5Fy/nfn+14LuOc2KNYg75vZqClpAiqscVvMygNnlsHBFpSXdJaYtXMcdNLpl/Qvc3P2cB3s6lOV51nqsFq4ag==
